// !$*UTF8*$!
{
	archiveVersion = 1;
	classes = {
	};
	objectVersion = 56;
	objects = {

/* Begin PBXBuildFile section */
		CB5B59192A29D62B00C3AA47 /* AppDelegate.swift in Sources */ = {isa = PBXBuildFile; fileRef = CB5B59182A29D62B00C3AA47 /* AppDelegate.swift */; };
		CB5B591B2A29D62B00C3AA47 /* SceneDelegate.swift in Sources */ = {isa = PBXBuildFile; fileRef = CB5B591A2A29D62B00C3AA47 /* SceneDelegate.swift */; };
		CB5B591D2A29D62B00C3AA47 /* NewsListViewController.swift in Sources */ = {isa = PBXBuildFile; fileRef = CB5B591C2A29D62B00C3AA47 /* NewsListViewController.swift */; };
		CB5B59202A29D62B00C3AA47 /* Main.storyboard in Resources */ = {isa = PBXBuildFile; fileRef = CB5B591E2A29D62B00C3AA47 /* Main.storyboard */; };
		CB5B59222A29D62D00C3AA47 /* Assets.xcassets in Resources */ = {isa = PBXBuildFile; fileRef = CB5B59212A29D62D00C3AA47 /* Assets.xcassets */; };
		CB5B59252A29D62D00C3AA47 /* LaunchScreen.storyboard in Resources */ = {isa = PBXBuildFile; fileRef = CB5B59232A29D62D00C3AA47 /* LaunchScreen.storyboard */; };
		CB5B59312A29D8F600C3AA47 /* NewsListTableViewCell.swift in Sources */ = {isa = PBXBuildFile; fileRef = CB5B59302A29D8F600C3AA47 /* NewsListTableViewCell.swift */; };
		CB5B59342A29E25900C3AA47 /* Webservice.swift in Sources */ = {isa = PBXBuildFile; fileRef = CB5B59332A29E25900C3AA47 /* Webservice.swift */; };
		CB5B59372A29E88200C3AA47 /* Articles.swift in Sources */ = {isa = PBXBuildFile; fileRef = CB5B59362A29E88200C3AA47 /* Articles.swift */; };
		CB5B59392A29EAA100C3AA47 /* Article.swift in Sources */ = {isa = PBXBuildFile; fileRef = CB5B59382A29EAA100C3AA47 /* Article.swift */; };
		CB5B593D2A29F7A900C3AA47 /* ArticlesViewModel.swift in Sources */ = {isa = PBXBuildFile; fileRef = CB5B593C2A29F7A900C3AA47 /* ArticlesViewModel.swift */; };
		CB5B593F2A29F7C500C3AA47 /* ArticleViewModel.swift in Sources */ = {isa = PBXBuildFile; fileRef = CB5B593E2A29F7C500C3AA47 /* ArticleViewModel.swift */; };
		CB5B59412A2A1C4700C3AA47 /* NewsDetailsViewController.swift in Sources */ = {isa = PBXBuildFile; fileRef = CB5B59402A2A1C4700C3AA47 /* NewsDetailsViewController.swift */; };
/* End PBXBuildFile section */

/* Begin PBXFileReference section */
		CB5B59152A29D62B00C3AA47 /* MVVMNewsApp.app */ = {isa = PBXFileReference; explicitFileType = wrapper.application; includeInIndex = 0; path = MVVMNewsApp.app; sourceTree = BUILT_PRODUCTS_DIR; };
		CB5B59182A29D62B00C3AA47 /* AppDelegate.swift */ = {isa = PBXFileReference; lastKnownFileType = sourcecode.swift; path = AppDelegate.swift; sourceTree = "<group>"; };
		CB5B591A2A29D62B00C3AA47 /* SceneDelegate.swift */ = {isa = PBXFileReference; lastKnownFileType = sourcecode.swift; path = SceneDelegate.swift; sourceTree = "<group>"; };
		CB5B591C2A29D62B00C3AA47 /* NewsListViewController.swift */ = {isa = PBXFileReference; lastKnownFileType = sourcecode.swift; path = NewsListViewController.swift; sourceTree = "<group>"; };
		CB5B591F2A29D62B00C3AA47 /* Base */ = {isa = PBXFileReference; lastKnownFileType = file.storyboard; name = Base; path = Base.lproj/Main.storyboard; sourceTree = "<group>"; };
		CB5B59212A29D62D00C3AA47 /* Assets.xcassets */ = {isa = PBXFileReference; lastKnownFileType = folder.assetcatalog; path = Assets.xcassets; sourceTree = "<group>"; };
		CB5B59242A29D62D00C3AA47 /* Base */ = {isa = PBXFileReference; lastKnownFileType = file.storyboard; name = Base; path = Base.lproj/LaunchScreen.storyboard; sourceTree = "<group>"; };
		CB5B59262A29D62D00C3AA47 /* Info.plist */ = {isa = PBXFileReference; lastKnownFileType = text.plist.xml; path = Info.plist; sourceTree = "<group>"; };
		CB5B59302A29D8F600C3AA47 /* NewsListTableViewCell.swift */ = {isa = PBXFileReference; lastKnownFileType = sourcecode.swift; path = NewsListTableViewCell.swift; sourceTree = "<group>"; };
		CB5B59332A29E25900C3AA47 /* Webservice.swift */ = {isa = PBXFileReference; lastKnownFileType = sourcecode.swift; path = Webservice.swift; sourceTree = "<group>"; };
		CB5B59362A29E88200C3AA47 /* Articles.swift */ = {isa = PBXFileReference; lastKnownFileType = sourcecode.swift; path = Articles.swift; sourceTree = "<group>"; };
		CB5B59382A29EAA100C3AA47 /* Article.swift */ = {isa = PBXFileReference; lastKnownFileType = sourcecode.swift; path = Article.swift; sourceTree = "<group>"; };
		CB5B593C2A29F7A900C3AA47 /* ArticlesViewModel.swift */ = {isa = PBXFileReference; lastKnownFileType = sourcecode.swift; path = ArticlesViewModel.swift; sourceTree = "<group>"; };
		CB5B593E2A29F7C500C3AA47 /* ArticleViewModel.swift */ = {isa = PBXFileReference; lastKnownFileType = sourcecode.swift; path = ArticleViewModel.swift; sourceTree = "<group>"; };
		CB5B59402A2A1C4700C3AA47 /* NewsDetailsViewController.swift */ = {isa = PBXFileReference; lastKnownFileType = sourcecode.swift; path = NewsDetailsViewController.swift; sourceTree = "<group>"; };
/* End PBXFileReference section */

/* Begin PBXFrameworksBuildPhase section */
		CB5B59122A29D62B00C3AA47 /* Frameworks */ = {
			isa = PBXFrameworksBuildPhase;
			buildActionMask = 2147483647;
			files = (
			);
			runOnlyForDeploymentPostprocessing = 0;
		};
/* End PBXFrameworksBuildPhase section */

/* Begin PBXGroup section */
		CB5B590C2A29D62B00C3AA47 = {
			isa = PBXGroup;
			children = (
				CB5B59172A29D62B00C3AA47 /* MVVMNewsApp */,
				CB5B59162A29D62B00C3AA47 /* Products */,
			);
			sourceTree = "<group>";
		};
		CB5B59162A29D62B00C3AA47 /* Products */ = {
			isa = PBXGroup;
			children = (
				CB5B59152A29D62B00C3AA47 /* MVVMNewsApp.app */,
			);
			name = Products;
			sourceTree = "<group>";
		};
		CB5B59172A29D62B00C3AA47 /* MVVMNewsApp */ = {
			isa = PBXGroup;
			children = (
				CB5B593B2A29F78700C3AA47 /* View Model */,
				CB5B59352A29E86B00C3AA47 /* Model */,
				CB5B59322A29E22A00C3AA47 /* Webservices */,
				CB5B59182A29D62B00C3AA47 /* AppDelegate.swift */,
				CB5B591A2A29D62B00C3AA47 /* SceneDelegate.swift */,
				CB5B593A2A29F77400C3AA47 /* Views */,
				CB5B59212A29D62D00C3AA47 /* Assets.xcassets */,
				CB5B59232A29D62D00C3AA47 /* LaunchScreen.storyboard */,
				CB5B59262A29D62D00C3AA47 /* Info.plist */,
			);
			path = MVVMNewsApp;
			sourceTree = "<group>";
		};
		CB5B59322A29E22A00C3AA47 /* Webservices */ = {
			isa = PBXGroup;
			children = (
				CB5B59332A29E25900C3AA47 /* Webservice.swift */,
			);
			path = Webservices;
			sourceTree = "<group>";
		};
		CB5B59352A29E86B00C3AA47 /* Model */ = {
			isa = PBXGroup;
			children = (
				CB5B59362A29E88200C3AA47 /* Articles.swift */,
				CB5B59382A29EAA100C3AA47 /* Article.swift */,
			);
			path = Model;
			sourceTree = "<group>";
		};
		CB5B593A2A29F77400C3AA47 /* Views */ = {
			isa = PBXGroup;
			children = (
				CB5B591C2A29D62B00C3AA47 /* NewsListViewController.swift */,
				CB5B59302A29D8F600C3AA47 /* NewsListTableViewCell.swift */,
				CB5B591E2A29D62B00C3AA47 /* Main.storyboard */,
				CB5B59402A2A1C4700C3AA47 /* NewsDetailsViewController.swift */,
			);
			path = Views;
			sourceTree = "<group>";
		};
		CB5B593B2A29F78700C3AA47 /* View Model */ = {
			isa = PBXGroup;
			children = (
				CB5B593C2A29F7A900C3AA47 /* ArticlesViewModel.swift */,
				CB5B593E2A29F7C500C3AA47 /* ArticleViewModel.swift */,
			);
			path = "View Model";
			sourceTree = "<group>";
		};
/* End PBXGroup section */

/* Begin PBXNativeTarget section */
		CB5B59142A29D62B00C3AA47 /* MVVMNewsApp */ = {
			isa = PBXNativeTarget;
			buildConfigurationList = CB5B59292A29D62D00C3AA47 /* Build configuration list for PBXNativeTarget "MVVMNewsApp" */;
			buildPhases = (
				CB5B59112A29D62B00C3AA47 /* Sources */,
				CB5B59122A29D62B00C3AA47 /* Frameworks */,
				CB5B59132A29D62B00C3AA47 /* Resources */,
			);
			buildRules = (
			);
			dependencies = (
			);
			name = MVVMNewsApp;
			productName = MVVMNewsApp;
			productReference = CB5B59152A29D62B00C3AA47 /* MVVMNewsApp.app */;
			productType = "com.apple.product-type.application";
		};
/* End PBXNativeTarget section */

/* Begin PBXProject section */
		CB5B590D2A29D62B00C3AA47 /* Project object */ = {
			isa = PBXProject;
			attributes = {
				BuildIndependentTargetsInParallel = 1;
				LastSwiftUpdateCheck = 1430;
				LastUpgradeCheck = 1430;
				TargetAttributes = {
					CB5B59142A29D62B00C3AA47 = {
						CreatedOnToolsVersion = 14.3;
					};
				};
			};
			buildConfigurationList = CB5B59102A29D62B00C3AA47 /* Build configuration list for PBXProject "MVVMNewsApp" */;
			compatibilityVersion = "Xcode 14.0";
			developmentRegion = en;
			hasScannedForEncodings = 0;
			knownRegions = (
				en,
				Base,
			);
			mainGroup = CB5B590C2A29D62B00C3AA47;
			productRefGroup = CB5B59162A29D62B00C3AA47 /* Products */;
			projectDirPath = "";
			projectRoot = "";
			targets = (
				CB5B59142A29D62B00C3AA47 /* MVVMNewsApp */,
			);
		};
/* End PBXProject section */

/* Begin PBXResourcesBuildPhase section */
		CB5B59132A29D62B00C3AA47 /* Resources */ = {
			isa = PBXResourcesBuildPhase;
			buildActionMask = 2147483647;
			files = (
				CB5B59252A29D62D00C3AA47 /* LaunchScreen.storyboard in Resources */,
				CB5B59222A29D62D00C3AA47 /* Assets.xcassets in Resources */,
				CB5B59202A29D62B00C3AA47 /* Main.storyboard in Resources */,
			);
			runOnlyForDeploymentPostprocessing = 0;
		};
/* End PBXResourcesBuildPhase section */

/* Begin PBXSourcesBuildPhase section */
		CB5B59112A29D62B00C3AA47 /* Sources */ = {
			isa = PBXSourcesBuildPhase;
			buildActionMask = 2147483647;
			files = (
				CB5B59412A2A1C4700C3AA47 /* NewsDetailsViewController.swift in Sources */,
				CB5B59392A29EAA100C3AA47 /* Article.swift in Sources */,
				CB5B591D2A29D62B00C3AA47 /* NewsListViewController.swift in Sources */,
				CB5B59192A29D62B00C3AA47 /* AppDelegate.swift in Sources */,
				CB5B59312A29D8F600C3AA47 /* NewsListTableViewCell.swift in Sources */,
				CB5B59342A29E25900C3AA47 /* Webservice.swift in Sources */,
				CB5B593D2A29F7A900C3AA47 /* ArticlesViewModel.swift in Sources */,
				CB5B593F2A29F7C500C3AA47 /* ArticleViewModel.swift in Sources */,
				CB5B59372A29E88200C3AA47 /* Articles.swift in Sources */,
				CB5B591B2A29D62B00C3AA47 /* SceneDelegate.swift in Sources */,
			);
			runOnlyForDeploymentPostprocessing = 0;
		};
/* End PBXSourcesBuildPhase section */

/* Begin PBXVariantGroup section */
		CB5B591E2A29D62B00C3AA47 /* Main.storyboard */ = {
			isa = PBXVariantGroup;
			children = (
				CB5B591F2A29D62B00C3AA47 /* Base */,
			);
			name = Main.storyboard;
			sourceTree = "<group>";
		};
		CB5B59232A29D62D00C3AA47 /* LaunchScreen.storyboard */ = {
			isa = PBXVariantGroup;
			children = (
				CB5B59242A29D62D00C3AA47 /* Base */,
			);
			name = LaunchScreen.storyboard;
			sourceTree = "<group>";
		};
/* End PBXVariantGroup section */

/* Begin XCBuildConfiguration section */
		CB5B59272A29D62D00C3AA47 /* Debug */ = {
			isa = XCBuildConfiguration;
			buildSettings = {
				ALWAYS_SEARCH_USER_PATHS = NO;
				CLANG_ANALYZER_NONNULL = YES;
				CLANG_ANALYZER_NUMBER_OBJECT_CONVERSION = YES_AGGRESSIVE;
				CLANG_CXX_LANGUAGE_STANDARD = "gnu++20";
				CLANG_ENABLE_MODULES = YES;
				CLANG_ENABLE_OBJC_ARC = YES;
				CLANG_ENABLE_OBJC_WEAK = YES;
				CLANG_WARN_BLOCK_CAPTURE_AUTORELEASING = YES;
				CLANG_WARN_BOOL_CONVERSION = YES;
				CLANG_WARN_COMMA = YES;
				CLANG_WARN_CONSTANT_CONVERSION = YES;
				CLANG_WARN_DEPRECATED_OBJC_IMPLEMENTATIONS = YES;
				CLANG_WARN_DIRECT_OBJC_ISA_USAGE = YES_ERROR;
				CLANG_WARN_DOCUMENTATION_COMMENTS = YES;
				CLANG_WARN_EMPTY_BODY = YES;
				CLANG_WARN_ENUM_CONVERSION = YES;
				CLANG_WARN_INFINITE_RECURSION = YES;
				CLANG_WARN_INT_CONVERSION = YES;
				CLANG_WARN_NON_LITERAL_NULL_CONVERSION = YES;
				CLANG_WARN_OBJC_IMPLICIT_RETAIN_SELF = YES;
				CLANG_WARN_OBJC_LITERAL_CONVERSION = YES;
				CLANG_WARN_OBJC_ROOT_CLASS = YES_ERROR;
				CLANG_WARN_QUOTED_INCLUDE_IN_FRAMEWORK_HEADER = YES;
				CLANG_WARN_RANGE_LOOP_ANALYSIS = YES;
				CLANG_WARN_STRICT_PROTOTYPES = YES;
				CLANG_WARN_SUSPICIOUS_MOVE = YES;
				CLANG_WARN_UNGUARDED_AVAILABILITY = YES_AGGRESSIVE;
				CLANG_WARN_UNREACHABLE_CODE = YES;
				CLANG_WARN__DUPLICATE_METHOD_MATCH = YES;
				COPY_PHASE_STRIP = NO;
				DEBUG_INFORMATION_FORMAT = dwarf;
				ENABLE_STRICT_OBJC_MSGSEND = YES;
				ENABLE_TESTABILITY = YES;
				GCC_C_LANGUAGE_STANDARD = gnu11;
				GCC_DYNAMIC_NO_PIC = NO;
				GCC_NO_COMMON_BLOCKS = YES;
				GCC_OPTIMIZATION_LEVEL = 0;
				GCC_PREPROCESSOR_DEFINITIONS = (
					"DEBUG=1",
					"$(inherited)",
				);
				GCC_WARN_64_TO_32_BIT_CONVERSION = YES;
				GCC_WARN_ABOUT_RETURN_TYPE = YES_ERROR;
				GCC_WARN_UNDECLARED_SELECTOR = YES;
				GCC_WARN_UNINITIALIZED_AUTOS = YES_AGGRESSIVE;
				GCC_WARN_UNUSED_FUNCTION = YES;
				GCC_WARN_UNUSED_VARIABLE = YES;
				IPHONEOS_DEPLOYMENT_TARGET = 16.4;
				MTL_ENABLE_DEBUG_INFO = INCLUDE_SOURCE;
				MTL_FAST_MATH = YES;
				ONLY_ACTIVE_ARCH = YES;
				SDKROOT = iphoneos;
				SWIFT_ACTIVE_COMPILATION_CONDITIONS = DEBUG;
				SWIFT_OPTIMIZATION_LEVEL = "-Onone";
			};
			name = Debug;
		};
		CB5B59282A29D62D00C3AA47 /* Release */ = {
			isa = XCBuildConfiguration;
			buildSettings = {
				ALWAYS_SEARCH_USER_PATHS = NO;
				CLANG_ANALYZER_NONNULL = YES;
				CLANG_ANALYZER_NUMBER_OBJECT_CONVERSION = YES_AGGRESSIVE;
				CLANG_CXX_LANGUAGE_STANDARD = "gnu++20";
				CLANG_ENABLE_MODULES = YES;
				CLANG_ENABLE_OBJC_ARC = YES;
				CLANG_ENABLE_OBJC_WEAK = YES;
				CLANG_WARN_BLOCK_CAPTURE_AUTORELEASING = YES;
				CLANG_WARN_BOOL_CONVERSION = YES;
				CLANG_WARN_COMMA = YES;
				CLANG_WARN_CONSTANT_CONVERSION = YES;
				CLANG_WARN_DEPRECATED_OBJC_IMPLEMENTATIONS = YES;
				CLANG_WARN_DIRECT_OBJC_ISA_USAGE = YES_ERROR;
				CLANG_WARN_DOCUMENTATION_COMMENTS = YES;
				CLANG_WARN_EMPTY_BODY = YES;
				CLANG_WARN_ENUM_CONVERSION = YES;
				CLANG_WARN_INFINITE_RECURSION = YES;
				CLANG_WARN_INT_CONVERSION = YES;
				CLANG_WARN_NON_LITERAL_NULL_CONVERSION = YES;
				CLANG_WARN_OBJC_IMPLICIT_RETAIN_SELF = YES;
				CLANG_WARN_OBJC_LITERAL_CONVERSION = YES;
				CLANG_WARN_OBJC_ROOT_CLASS = YES_ERROR;
				CLANG_WARN_QUOTED_INCLUDE_IN_FRAMEWORK_HEADER = YES;
				CLANG_WARN_RANGE_LOOP_ANALYSIS = YES;
				CLANG_WARN_STRICT_PROTOTYPES = YES;
				CLANG_WARN_SUSPICIOUS_MOVE = YES;
				CLANG_WARN_UNGUARDED_AVAILABILITY = YES_AGGRESSIVE;
				CLANG_WARN_UNREACHABLE_CODE = YES;
				CLANG_WARN__DUPLICATE_METHOD_MATCH = YES;
				COPY_PHASE_STRIP = NO;
				DEBUG_INFORMATION_FORMAT = "dwarf-with-dsym";
				ENABLE_NS_ASSERTIONS = NO;
				ENABLE_STRICT_OBJC_MSGSEND = YES;
				GCC_C_LANGUAGE_STANDARD = gnu11;
				GCC_NO_COMMON_BLOCKS = YES;
				GCC_WARN_64_TO_32_BIT_CONVERSION = YES;
				GCC_WARN_ABOUT_RETURN_TYPE = YES_ERROR;
				GCC_WARN_UNDECLARED_SELECTOR = YES;
				GCC_WARN_UNINITIALIZED_AUTOS = YES_AGGRESSIVE;
				GCC_WARN_UNUSED_FUNCTION = YES;
				GCC_WARN_UNUSED_VARIABLE = YES;
				IPHONEOS_DEPLOYMENT_TARGET = 16.4;
				MTL_ENABLE_DEBUG_INFO = NO;
				MTL_FAST_MATH = YES;
				SDKROOT = iphoneos;
				SWIFT_COMPILATION_MODE = wholemodule;
				SWIFT_OPTIMIZATION_LEVEL = "-O";
				VALIDATE_PRODUCT = YES;
			};
			name = Release;
		};
		CB5B592A2A29D62D00C3AA47 /* Debug */ = {
			isa = XCBuildConfiguration;
			buildSettings = {
				ASSETCATALOG_COMPILER_APPICON_NAME = AppIcon;
				ASSETCATALOG_COMPILER_GLOBAL_ACCENT_COLOR_NAME = AccentColor;
				CODE_SIGN_STYLE = Automatic;
				CURRENT_PROJECT_VERSION = 1;
				GENERATE_INFOPLIST_FILE = YES;
				INFOPLIST_FILE = MVVMNewsApp/Info.plist;
				INFOPLIST_KEY_UIApplicationSupportsIndirectInputEvents = YES;
				INFOPLIST_KEY_UILaunchStoryboardName = LaunchScreen;
				INFOPLIST_KEY_UIMainStoryboardFile = Main;
				INFOPLIST_KEY_UISupportedInterfaceOrientations_iPad = "UIInterfaceOrientationPortrait UIInterfaceOrientationPortraitUpsideDown UIInterfaceOrientationLandscapeLeft UIInterfaceOrientationLandscapeRight";
				INFOPLIST_KEY_UISupportedInterfaceOrientations_iPhone = "UIInterfaceOrientationPortrait UIInterfaceOrientationLandscapeLeft UIInterfaceOrientationLandscapeRight";
				LD_RUNPATH_SEARCH_PATHS = (
					"$(inherited)",
					"@executable_path/Frameworks",
				);
				MARKETING_VERSION = 1.0;
				PRODUCT_BUNDLE_IDENTIFIER = com.DA.MVVMNewsApp;
				PRODUCT_NAME = "$(TARGET_NAME)";
				SWIFT_EMIT_LOC_STRINGS = YES;
				SWIFT_VERSION = 5.0;
				TARGETED_DEVICE_FAMILY = "1,2";
			};
			name = Debug;
		};
		CB5B592B2A29D62D00C3AA47 /* Release */ = {
			isa = XCBuildConfiguration;
			buildSettings = {
				ASSETCATALOG_COMPILER_APPICON_NAME = AppIcon;
				ASSETCATALOG_COMPILER_GLOBAL_ACCENT_COLOR_NAME = AccentColor;
				CODE_SIGN_STYLE = Automatic;
				CURRENT_PROJECT_VERSION = 1;
				GENERATE_INFOPLIST_FILE = YES;
				INFOPLIST_FILE = MVVMNewsApp/Info.plist;
				INFOPLIST_KEY_UIApplicationSupportsIndirectInputEvents = YES;
				INFOPLIST_KEY_UILaunchStoryboardName = LaunchScreen;
				INFOPLIST_KEY_UIMainStoryboardFile = Main;
				INFOPLIST_KEY_UISupportedInterfaceOrientations_iPad = "UIInterfaceOrientationPortrait UIInterfaceOrientationPortraitUpsideDown UIInterfaceOrientationLandscapeLeft UIInterfaceOrientationLandscapeRight";
				INFOPLIST_KEY_UISupportedInterfaceOrientations_iPhone = "UIInterfaceOrientationPortrait UIInterfaceOrientationLandscapeLeft UIInterfaceOrientationLandscapeRight";
				LD_RUNPATH_SEARCH_PATHS = (
					"$(inherited)",
					"@executable_path/Frameworks",
				);
				MARKETING_VERSION = 1.0;
				PRODUCT_BUNDLE_IDENTIFIER = com.DA.MVVMNewsApp;
				PRODUCT_NAME = "$(TARGET_NAME)";
				SWIFT_EMIT_LOC_STRINGS = YES;
				SWIFT_VERSION = 5.0;
				TARGETED_DEVICE_FAMILY = "1,2";
			};
			name = Release;
		};
/* End XCBuildConfiguration section */

/* Begin XCConfigurationList section */
		CB5B59102A29D62B00C3AA47 /* Build configuration list for PBXProject "MVVMNewsApp" */ = {
			isa = XCConfigurationList;
			buildConfigurations = (
				CB5B59272A29D62D00C3AA47 /* Debug */,
				CB5B59282A29D62D00C3AA47 /* Release */,
			);
			defaultConfigurationIsVisible = 0;
			defaultConfigurationName = Release;
		};
		CB5B59292A29D62D00C3AA47 /* Build configuration list for PBXNativeTarget "MVVMNewsApp" */ = {
			isa = XCConfigurationList;
			buildConfigurations = (
				CB5B592A2A29D62D00C3AA47 /* Debug */,
				CB5B592B2A29D62D00C3AA47 /* Release */,
			);
			defaultConfigurationIsVisible = 0;
			defaultConfigurationName = Release;
		};
/* End XCConfigurationList section */
	};
	rootObject = CB5B590D2A29D62B00C3AA47 /* Project object */;
}
